
Microsoft Visual Studio Solution File, Format Version 12.00
# Visual Studio 15
VisualStudioVersion = 15.0.27004.2002
MinimumVisualStudioVersion = 10.0.40219.1
Project("{FAE04EC0-301F-11D3-BF4B-00C04F79EFBC}") = "ElmaTestWork.Tests", "ElmaTestWork.Tests\ElmaTestWork.Tests.csproj", "{A0BCCE85-9356-4273-B9D7-CB993D124192}"
EndProject
Project("{FAE04EC0-301F-11D3-BF4B-00C04F79EFBC}") = "ElmaTestWork_2", "ElmaTestWork_2\ElmaTestWork_2.csproj", "{69C008EF-AF5F-4D94-A906-FFC7B04EA41D}"
EndProject
Project("{FAE04EC0-301F-11D3-BF4B-00C04F79EFBC}") = "AbstractApplication", "AbstractApplication\AbstractApplication.csproj", "{4431E1A7-8192-4467-8C81-42BB81A311E1}"
EndProject
Project("{FAE04EC0-301F-11D3-BF4B-00C04F79EFBC}") = "AbstractApplication.Tests", "AbstractApplication.Tests\AbstractApplication.Tests.csproj", "{20CBF27E-A5AA-4C14-9D40-8477041796F1}"
EndProject
Global
	GlobalSection(SolutionConfigurationPlatforms) = preSolution
		Debug|Any CPU = Debug|Any CPU
		Release|Any CPU = Release|Any CPU
	EndGlobalSection
	GlobalSection(ProjectConfigurationPlatforms) = postSolution
		{A0BCCE85-9356-4273-B9D7-CB993D124192}.Debug|Any CPU.ActiveCfg = Debug|Any CPU
		{A0BCCE85-9356-4273-B9D7-CB993D124192}.Debug|Any CPU.Build.0 = Debug|Any CPU
		{A0BCCE85-9356-4273-B9D7-CB993D124192}.Release|Any CPU.ActiveCfg = Release|Any CPU
		{A0BCCE85-9356-4273-B9D7-CB993D124192}.Release|Any CPU.Build.0 = Release|Any CPU
		{69C008EF-AF5F-4D94-A906-FFC7B04EA41D}.Debug|Any CPU.ActiveCfg = Debug|Any CPU
		{69C008EF-AF5F-4D94-A906-FFC7B04EA41D}.Debug|Any CPU.Build.0 = Debug|Any CPU
		{69C008EF-AF5F-4D94-A906-FFC7B04EA41D}.Release|Any CPU.ActiveCfg = Release|Any CPU
		{69C008EF-AF5F-4D94-A906-FFC7B04EA41D}.Release|Any CPU.Build.0 = Release|Any CPU
		{4431E1A7-8192-4467-8C81-42BB81A311E1}.Debug|Any CPU.ActiveCfg = Debug|Any CPU
		{4431E1A7-8192-4467-8C81-42BB81A311E1}.Debug|Any CPU.Build.0 = Debug|Any CPU
		{4431E1A7-8192-4467-8C81-42BB81A311E1}.Release|Any CPU.ActiveCfg = Release|Any CPU
		{4431E1A7-8192-4467-8C81-42BB81A311E1}.Release|Any CPU.Build.0 = Release|Any CPU
		{20CBF27E-A5AA-4C14-9D40-8477041796F1}.Debug|Any CPU.ActiveCfg = Debug|Any CPU
		{20CBF27E-A5AA-4C14-9D40-8477041796F1}.Debug|Any CPU.Build.0 = Debug|Any CPU
		{20CBF27E-A5AA-4C14-9D40-8477041796F1}.Release|Any CPU.ActiveCfg = Release|Any CPU
		{20CBF27E-A5AA-4C14-9D40-8477041796F1}.Release|Any CPU.Build.0 = Release|Any CPU
	EndGlobalSection
	GlobalSection(SolutionProperties) = preSolution
		HideSolutionNode = FALSE
	EndGlobalSection
	GlobalSection(ExtensibilityGlobals) = postSolution
		SolutionGuid = {1B685319-1418-4E31-AB86-F4181C9A4007}
	EndGlobalSection
EndGlobal
